
Microsoft Visual Studio Solution File, Format Version 12.00
# Visual Studio 2013
VisualStudioVersion = 12.0.31101.0
MinimumVisualStudioVersion = 10.0.40219.1
Project("{FAE04EC0-301F-11D3-BF4B-00C04F79EFBC}") = "SteamCloudFileManager.Lib", "SteamCloudFileManager.Lib\SteamCloudFileManager.Lib.csproj", "{58AAE4A4-3134-427E-A621-71DA133954E8}"
EndProject
Project("{FAE04EC0-301F-11D3-BF4B-00C04F79EFBC}") = "SteamCloudFileManager.UI", "SteamCloudFileManager.UI\SteamCloudFileManager.UI.csproj", "{95CB4657-51D3-49E6-B5F2-09F095D47C05}"
EndProject
Project("{FAE04EC0-301F-11D3-BF4B-00C04F79EFBC}") = "SteamCloudFileManager.Forms", "SteamCloudFileManager.Forms\SteamCloudFileManager.Forms.csproj", "{3470F826-8216-48F0-A3DC-C31CB771653A}"
EndProject
Global
	GlobalSection(SolutionConfigurationPlatforms) = preSolution
		Debug|Win64 = Debug|Win64
		Debug|Mac64 = Debug|Mac64
		Debug|Linux64 = Debug|Linux64
		Release|Win64 = Release|Win64
		Release|Mac64 = Release|Mac64
		Release|Linux64 = Release|Linux64
	EndGlobalSection
	GlobalSection(ProjectConfigurationPlatforms) = postSolution
		{58AAE4A4-3134-427E-A621-71DA133954E8}.Debug|Linux64.ActiveCfg = Debug|Any CPU
		{58AAE4A4-3134-427E-A621-71DA133954E8}.Debug|Linux64.Build.0 = Debug|Any CPU
		{58AAE4A4-3134-427E-A621-71DA133954E8}.Debug|Win64.ActiveCfg = Debug|Any CPU
		{58AAE4A4-3134-427E-A621-71DA133954E8}.Debug|Win64.Build.0 = Debug|Any CPU
		{58AAE4A4-3134-427E-A621-71DA133954E8}.Debug|Mac64.ActiveCfg = Debug|Any CPU
		{58AAE4A4-3134-427E-A621-71DA133954E8}.Debug|Mac64.Build.0 = Debug|Any CPU
		{58AAE4A4-3134-427E-A621-71DA133954E8}.Release|Linux64.ActiveCfg = Release|Any CPU
		{58AAE4A4-3134-427E-A621-71DA133954E8}.Release|Linux64.Build.0 = Release|Any CPU
		{58AAE4A4-3134-427E-A621-71DA133954E8}.Release|Win64.ActiveCfg = Release|Any CPU
		{58AAE4A4-3134-427E-A621-71DA133954E8}.Release|Win64.Build.0 = Release|Any CPU
		{58AAE4A4-3134-427E-A621-71DA133954E8}.Release|Mac64.ActiveCfg = Release|Any CPU
		{58AAE4A4-3134-427E-A621-71DA133954E8}.Release|Mac64.Build.0 = Release|Any CPU

		{95CB4657-51D3-49E6-B5F2-09F095D47C05}.Debug|Linux64.ActiveCfg = Debug|Any CPU
		{95CB4657-51D3-49E6-B5F2-09F095D47C05}.Debug|Linux64.Build.0 = Debug|Any CPU
		{95CB4657-51D3-49E6-B5F2-09F095D47C05}.Debug|Win64.ActiveCfg = Debug|Any CPU
		{95CB4657-51D3-49E6-B5F2-09F095D47C05}.Debug|Win64.Build.0 = Debug|Any CPU
		{95CB4657-51D3-49E6-B5F2-09F095D47C05}.Debug|Mac64.ActiveCfg = Debug|Any CPU
		{95CB4657-51D3-49E6-B5F2-09F095D47C05}.Debug|Mac64.Build.0 = Debug|Any CPU
		{95CB4657-51D3-49E6-B5F2-09F095D47C05}.Release|Linux64.ActiveCfg = Release|Any CPU
		{95CB4657-51D3-49E6-B5F2-09F095D47C05}.Release|Linux64.Build.0 = Release|Any CPU
		{95CB4657-51D3-49E6-B5F2-09F095D47C05}.Release|Win64.ActiveCfg = Release|Any CPU
		{95CB4657-51D3-49E6-B5F2-09F095D47C05}.Release|Win64.Build.0 = Release|Any CPU
		{95CB4657-51D3-49E6-B5F2-09F095D47C05}.Release|Mac64.ActiveCfg = Release|Any CPU
		{95CB4657-51D3-49E6-B5F2-09F095D47C05}.Release|Mac64.Build.0 = Release|Any CPU

		{3470F826-8216-48F0-A3DC-C31CB771653A}.Debug|Win64.ActiveCfg = Debug|Any CPU
		{3470F826-8216-48F0-A3DC-C31CB771653A}.Debug|Win64.Build.0 = Debug|Any CPU
		{3470F826-8216-48F0-A3DC-C31CB771653A}.Release|Win64.ActiveCfg = Release|Any CPU
		{3470F826-8216-48F0-A3DC-C31CB771653A}.Release|Win64.Build.0 = Release|Any CPU
	EndGlobalSection
	GlobalSection(SolutionProperties) = preSolution
		HideSolutionNode = FALSE
	EndGlobalSection
EndGlobal
